
Microsoft Visual Studio Solution File, Format Version 12.00
# Visual Studio Version 16
VisualStudioVersion = 16.0.29709.97
MinimumVisualStudioVersion = 10.0.40219.1
Project("{FAE04EC0-301F-11D3-BF4B-00C04F79EFBC}") = "EvidentaPersoane", "EvidentaPersoane\EvidentaPersoane.csproj", "{97486EE1-B78D-4837-A510-941FEBF8AE72}"
EndProject
Global
	GlobalSection(SolutionConfigurationPlatforms) = preSolution
		Debug|Any CPU = Debug|Any CPU
		Release|Any CPU = Release|Any CPU
	EndGlobalSection
	GlobalSection(ProjectConfigurationPlatforms) = postSolution
		{97486EE1-B78D-4837-A510-941FEBF8AE72}.Debug|Any CPU.ActiveCfg = Debug|Any CPU
		{97486EE1-B78D-4837-A510-941FEBF8AE72}.Debug|Any CPU.Build.0 = Debug|Any CPU
		{97486EE1-B78D-4837-A510-941FEBF8AE72}.Release|Any CPU.ActiveCfg = Release|Any CPU
		{97486EE1-B78D-4837-A510-941FEBF8AE72}.Release|Any CPU.Build.0 = Release|Any CPU
	EndGlobalSection
	GlobalSection(SolutionProperties) = preSolution
		HideSolutionNode = FALSE
	EndGlobalSection
	GlobalSection(ExtensibilityGlobals) = postSolution
		SolutionGuid = {5667699D-E050-4C88-92D3-DF1362424916}
	EndGlobalSection
EndGlobal
